
Microsoft Visual Studio Solution File, Format Version 12.00
# Visual Studio Version 16
VisualStudioVersion = 16.0.30503.244
MinimumVisualStudioVersion = 15.0.26124.0
Project("{2150E333-8FDC-42A3-9474-1A3956D46DE8}") = "Solution Items", "Solution Items", "{5870B6CE-B5BA-497E-81F0-E7C811113ED5}"
	ProjectSection(SolutionItems) = preProject
		.gitignore = .gitignore
		Dockerfile = Dockerfile
	EndProjectSection
EndProject
Project("{9A19103F-16F7-4668-BE54-9A1E7A4F7556}") = "Kifreak.MartianRobots.Console", "Kifreak.MartianRobots.Console\Kifreak.MartianRobots.Console.csproj", "{99661893-6164-4D8E-9B98-13ABDE67CC49}"
EndProject
Project("{9A19103F-16F7-4668-BE54-9A1E7A4F7556}") = "Kifreak.MartianRobots.Lib", "Kifreak.MartianRobots.Lib\Kifreak.MartianRobots.Lib.csproj", "{46E05C75-BEFB-4A13-A916-21F160D12817}"
EndProject
Project("{9A19103F-16F7-4668-BE54-9A1E7A4F7556}") = "Kifreak.MartianRobots.UnitTests", "Kifreak.MartianRobots.UnitTests\Kifreak.MartianRobots.UnitTests.csproj", "{295AA95F-4E29-4115-A10E-D1F4D3A2FA95}"
EndProject
Project("{9A19103F-16F7-4668-BE54-9A1E7A4F7556}") = "Kifreak.MartianRobots.IntegratedTests", "Kifreak.MartianRobots.IntegratedTests\Kifreak.MartianRobots.IntegratedTests.csproj", "{330BF049-C3DC-4398-A71F-E1D3D05ED5F4}"
EndProject
Project("{2150E333-8FDC-42A3-9474-1A3956D46DE8}") = "03. Tests", "03. Tests", "{0CBD72E2-2216-4E5B-9375-B5E437D9D49A}"
EndProject
Project("{2150E333-8FDC-42A3-9474-1A3956D46DE8}") = "01. Front", "01. Front", "{27E1A155-511C-4D01-98B4-17959D631882}"
EndProject
Project("{2150E333-8FDC-42A3-9474-1A3956D46DE8}") = "02. Back-end", "02. Back-end", "{BDFAA533-6794-4999-A6FB-5E31B904FC54}"
EndProject
Global
	GlobalSection(SolutionConfigurationPlatforms) = preSolution
		Debug|Any CPU = Debug|Any CPU
		Debug|x64 = Debug|x64
		Debug|x86 = Debug|x86
		Release|Any CPU = Release|Any CPU
		Release|x64 = Release|x64
		Release|x86 = Release|x86
	EndGlobalSection
	GlobalSection(ProjectConfigurationPlatforms) = postSolution
		{99661893-6164-4D8E-9B98-13ABDE67CC49}.Debug|Any CPU.ActiveCfg = Debug|Any CPU
		{99661893-6164-4D8E-9B98-13ABDE67CC49}.Debug|Any CPU.Build.0 = Debug|Any CPU
		{99661893-6164-4D8E-9B98-13ABDE67CC49}.Debug|x64.ActiveCfg = Debug|Any CPU
		{99661893-6164-4D8E-9B98-13ABDE67CC49}.Debug|x64.Build.0 = Debug|Any CPU
		{99661893-6164-4D8E-9B98-13ABDE67CC49}.Debug|x86.ActiveCfg = Debug|Any CPU
		{99661893-6164-4D8E-9B98-13ABDE67CC49}.Debug|x86.Build.0 = Debug|Any CPU
		{99661893-6164-4D8E-9B98-13ABDE67CC49}.Release|Any CPU.ActiveCfg = Release|Any CPU
		{99661893-6164-4D8E-9B98-13ABDE67CC49}.Release|Any CPU.Build.0 = Release|Any CPU
		{99661893-6164-4D8E-9B98-13ABDE67CC49}.Release|x64.ActiveCfg = Release|Any CPU
		{99661893-6164-4D8E-9B98-13ABDE67CC49}.Release|x64.Build.0 = Release|Any CPU
		{99661893-6164-4D8E-9B98-13ABDE67CC49}.Release|x86.ActiveCfg = Release|Any CPU
		{99661893-6164-4D8E-9B98-13ABDE67CC49}.Release|x86.Build.0 = Release|Any CPU
		{46E05C75-BEFB-4A13-A916-21F160D12817}.Debug|Any CPU.ActiveCfg = Debug|Any CPU
		{46E05C75-BEFB-4A13-A916-21F160D12817}.Debug|Any CPU.Build.0 = Debug|Any CPU
		{46E05C75-BEFB-4A13-A916-21F160D12817}.Debug|x64.ActiveCfg = Debug|Any CPU
		{46E05C75-BEFB-4A13-A916-21F160D12817}.Debug|x64.Build.0 = Debug|Any CPU
		{46E05C75-BEFB-4A13-A916-21F160D12817}.Debug|x86.ActiveCfg = Debug|Any CPU
		{46E05C75-BEFB-4A13-A916-21F160D12817}.Debug|x86.Build.0 = Debug|Any CPU
		{46E05C75-BEFB-4A13-A916-21F160D12817}.Release|Any CPU.ActiveCfg = Release|Any CPU
		{46E05C75-BEFB-4A13-A916-21F160D12817}.Release|Any CPU.Build.0 = Release|Any CPU
		{46E05C75-BEFB-4A13-A916-21F160D12817}.Release|x64.ActiveCfg = Release|Any CPU
		{46E05C75-BEFB-4A13-A916-21F160D12817}.Release|x64.Build.0 = Release|Any CPU
		{46E05C75-BEFB-4A13-A916-21F160D12817}.Release|x86.ActiveCfg = Release|Any CPU
		{46E05C75-BEFB-4A13-A916-21F160D12817}.Release|x86.Build.0 = Release|Any CPU
		{295AA95F-4E29-4115-A10E-D1F4D3A2FA95}.Debug|Any CPU.ActiveCfg = Debug|Any CPU
		{295AA95F-4E29-4115-A10E-D1F4D3A2FA95}.Debug|Any CPU.Build.0 = Debug|Any CPU
		{295AA95F-4E29-4115-A10E-D1F4D3A2FA95}.Debug|x64.ActiveCfg = Debug|Any CPU
		{295AA95F-4E29-4115-A10E-D1F4D3A2FA95}.Debug|x64.Build.0 = Debug|Any CPU
		{295AA95F-4E29-4115-A10E-D1F4D3A2FA95}.Debug|x86.ActiveCfg = Debug|Any CPU
		{295AA95F-4E29-4115-A10E-D1F4D3A2FA95}.Debug|x86.Build.0 = Debug|Any CPU
		{295AA95F-4E29-4115-A10E-D1F4D3A2FA95}.Release|Any CPU.ActiveCfg = Release|Any CPU
		{295AA95F-4E29-4115-A10E-D1F4D3A2FA95}.Release|Any CPU.Build.0 = Release|Any CPU
		{295AA95F-4E29-4115-A10E-D1F4D3A2FA95}.Release|x64.ActiveCfg = Release|Any CPU
		{295AA95F-4E29-4115-A10E-D1F4D3A2FA95}.Release|x64.Build.0 = Release|Any CPU
		{295AA95F-4E29-4115-A10E-D1F4D3A2FA95}.Release|x86.ActiveCfg = Release|Any CPU
		{295AA95F-4E29-4115-A10E-D1F4D3A2FA95}.Release|x86.Build.0 = Release|Any CPU
		{330BF049-C3DC-4398-A71F-E1D3D05ED5F4}.Debug|Any CPU.ActiveCfg = Debug|Any CPU
		{330BF049-C3DC-4398-A71F-E1D3D05ED5F4}.Debug|Any CPU.Build.0 = Debug|Any CPU
		{330BF049-C3DC-4398-A71F-E1D3D05ED5F4}.Debug|x64.ActiveCfg = Debug|Any CPU
		{330BF049-C3DC-4398-A71F-E1D3D05ED5F4}.Debug|x64.Build.0 = Debug|Any CPU
		{330BF049-C3DC-4398-A71F-E1D3D05ED5F4}.Debug|x86.ActiveCfg = Debug|Any CPU
		{330BF049-C3DC-4398-A71F-E1D3D05ED5F4}.Debug|x86.Build.0 = Debug|Any CPU
		{330BF049-C3DC-4398-A71F-E1D3D05ED5F4}.Release|Any CPU.ActiveCfg = Release|Any CPU
		{330BF049-C3DC-4398-A71F-E1D3D05ED5F4}.Release|Any CPU.Build.0 = Release|Any CPU
		{330BF049-C3DC-4398-A71F-E1D3D05ED5F4}.Release|x64.ActiveCfg = Release|Any CPU
		{330BF049-C3DC-4398-A71F-E1D3D05ED5F4}.Release|x64.Build.0 = Release|Any CPU
		{330BF049-C3DC-4398-A71F-E1D3D05ED5F4}.Release|x86.ActiveCfg = Release|Any CPU
		{330BF049-C3DC-4398-A71F-E1D3D05ED5F4}.Release|x86.Build.0 = Release|Any CPU
	EndGlobalSection
	GlobalSection(SolutionProperties) = preSolution
		HideSolutionNode = FALSE
	EndGlobalSection
	GlobalSection(NestedProjects) = preSolution
		{99661893-6164-4D8E-9B98-13ABDE67CC49} = {27E1A155-511C-4D01-98B4-17959D631882}
		{46E05C75-BEFB-4A13-A916-21F160D12817} = {BDFAA533-6794-4999-A6FB-5E31B904FC54}
		{295AA95F-4E29-4115-A10E-D1F4D3A2FA95} = {0CBD72E2-2216-4E5B-9375-B5E437D9D49A}
		{330BF049-C3DC-4398-A71F-E1D3D05ED5F4} = {0CBD72E2-2216-4E5B-9375-B5E437D9D49A}
	EndGlobalSection
	GlobalSection(ExtensibilityGlobals) = postSolution
		SolutionGuid = {F23DE6B8-C068-4A37-8C43-17A3D379A14F}
	EndGlobalSection
EndGlobal
